// !$*UTF8*$!
{
	archiveVersion = 1;
	classes = {
	};
	objectVersion = 46;
	objects = {

/* Begin PBXBuildFile section */
		15CA22621D2C93FC00CB35E2 /* AppDelegate.swift in Sources */ = {isa = PBXBuildFile; fileRef = 15CA22611D2C93FC00CB35E2 /* AppDelegate.swift */; };
		15CA22641D2C93FC00CB35E2 /* ViewController.swift in Sources */ = {isa = PBXBuildFile; fileRef = 15CA22631D2C93FC00CB35E2 /* ViewController.swift */; };
		15CA22671D2C93FC00CB35E2 /* Main.storyboard in Resources */ = {isa = PBXBuildFile; fileRef = 15CA22651D2C93FC00CB35E2 /* Main.storyboard */; };
		15CA22691D2C93FC00CB35E2 /* Assets.xcassets in Resources */ = {isa = PBXBuildFile; fileRef = 15CA22681D2C93FC00CB35E2 /* Assets.xcassets */; };
		15CA226C1D2C93FC00CB35E2 /* LaunchScreen.storyboard in Resources */ = {isa = PBXBuildFile; fileRef = 15CA226A1D2C93FC00CB35E2 /* LaunchScreen.storyboard */; };
		15CA22771D2C93FC00CB35E2 /* creditTests.swift in Sources */ = {isa = PBXBuildFile; fileRef = 15CA22761D2C93FC00CB35E2 /* creditTests.swift */; };
		15CA22821D2C93FC00CB35E2 /* creditUITests.swift in Sources */ = {isa = PBXBuildFile; fileRef = 15CA22811D2C93FC00CB35E2 /* creditUITests.swift */; };
		15CA22911D2CA3A300CB35E2 /* service.storyboard in Resources */ = {isa = PBXBuildFile; fileRef = 15CA228F1D2CA3A300CB35E2 /* service.storyboard */; };
		15CA22941D2CA3D800CB35E2 /* credit.storyboard in Resources */ = {isa = PBXBuildFile; fileRef = 15CA22921D2CA3D800CB35E2 /* credit.storyboard */; };
		15CA22961D2CA4C300CB35E2 /* ServiceTableViewController.swift in Sources */ = {isa = PBXBuildFile; fileRef = 15CA22951D2CA4C300CB35E2 /* ServiceTableViewController.swift */; };
		15CA22991D2CAB7E00CB35E2 /* ServiceTableViewCell.swift in Sources */ = {isa = PBXBuildFile; fileRef = 15CA22981D2CAB7E00CB35E2 /* ServiceTableViewCell.swift */; };
		15CA229B1D2CAF6A00CB35E2 /* CreditWebViewController.swift in Sources */ = {isa = PBXBuildFile; fileRef = 15CA229A1D2CAF6A00CB35E2 /* CreditWebViewController.swift */; };
/* End PBXBuildFile section */

/* Begin PBXContainerItemProxy section */
		15CA22731D2C93FC00CB35E2 /* PBXContainerItemProxy */ = {
			isa = PBXContainerItemProxy;
			containerPortal = 15CA22561D2C93FC00CB35E2 /* Project object */;
			proxyType = 1;
			remoteGlobalIDString = 15CA225D1D2C93FC00CB35E2;
			remoteInfo = credit;
		};
		15CA227E1D2C93FC00CB35E2 /* PBXContainerItemProxy */ = {
			isa = PBXContainerItemProxy;
			containerPortal = 15CA22561D2C93FC00CB35E2 /* Project object */;
			proxyType = 1;
			remoteGlobalIDString = 15CA225D1D2C93FC00CB35E2;
			remoteInfo = credit;
		};
/* End PBXContainerItemProxy section */

/* Begin PBXFileReference section */
		15CA225E1D2C93FC00CB35E2 /* credit.app */ = {isa = PBXFileReference; explicitFileType = wrapper.application; includeInIndex = 0; path = credit.app; sourceTree = BUILT_PRODUCTS_DIR; };
		15CA22611D2C93FC00CB35E2 /* AppDelegate.swift */ = {isa = PBXFileReference; lastKnownFileType = sourcecode.swift; path = AppDelegate.swift; sourceTree = "<group>"; };
		15CA22631D2C93FC00CB35E2 /* ViewController.swift */ = {isa = PBXFileReference; lastKnownFileType = sourcecode.swift; path = ViewController.swift; sourceTree = "<group>"; };
		15CA22661D2C93FC00CB35E2 /* Base */ = {isa = PBXFileReference; lastKnownFileType = file.storyboard; name = Base; path = Base.lproj/Main.storyboard; sourceTree = "<group>"; };
		15CA22681D2C93FC00CB35E2 /* Assets.xcassets */ = {isa = PBXFileReference; lastKnownFileType = folder.assetcatalog; path = Assets.xcassets; sourceTree = "<group>"; };
		15CA226B1D2C93FC00CB35E2 /* Base */ = {isa = PBXFileReference; lastKnownFileType = file.storyboard; name = Base; path = Base.lproj/LaunchScreen.storyboard; sourceTree = "<group>"; };
		15CA226D1D2C93FC00CB35E2 /* Info.plist */ = {isa = PBXFileReference; lastKnownFileType = text.plist.xml; path = Info.plist; sourceTree = "<group>"; };
		15CA22721D2C93FC00CB35E2 /* creditTests.xctest */ = {isa = PBXFileReference; explicitFileType = wrapper.cfbundle; includeInIndex = 0; path = creditTests.xctest; sourceTree = BUILT_PRODUCTS_DIR; };
		15CA22761D2C93FC00CB35E2 /* creditTests.swift */ = {isa = PBXFileReference; lastKnownFileType = sourcecode.swift; path = creditTests.swift; sourceTree = "<group>"; };
		15CA22781D2C93FC00CB35E2 /* Info.plist */ = {isa = PBXFileReference; lastKnownFileType = text.plist.xml; path = Info.plist; sourceTree = "<group>"; };
		15CA227D1D2C93FC00CB35E2 /* creditUITests.xctest */ = {isa = PBXFileReference; explicitFileType = wrapper.cfbundle; includeInIndex = 0; path = creditUITests.xctest; sourceTree = BUILT_PRODUCTS_DIR; };
		15CA22811D2C93FC00CB35E2 /* creditUITests.swift */ = {isa = PBXFileReference; lastKnownFileType = sourcecode.swift; path = creditUITests.swift; sourceTree = "<group>"; };
		15CA22831D2C93FC00CB35E2 /* Info.plist */ = {isa = PBXFileReference; lastKnownFileType = text.plist.xml; path = Info.plist; sourceTree = "<group>"; };
		15CA22901D2CA3A300CB35E2 /* Base */ = {isa = PBXFileReference; lastKnownFileType = file.storyboard; name = Base; path = Base.lproj/service.storyboard; sourceTree = "<group>"; };
		15CA22931D2CA3D800CB35E2 /* Base */ = {isa = PBXFileReference; lastKnownFileType = file.storyboard; name = Base; path = Base.lproj/credit.storyboard; sourceTree = "<group>"; };
		15CA22951D2CA4C300CB35E2 /* ServiceTableViewController.swift */ = {isa = PBXFileReference; fileEncoding = 4; lastKnownFileType = sourcecode.swift; path = ServiceTableViewController.swift; sourceTree = "<group>"; };
		15CA22981D2CAB7E00CB35E2 /* ServiceTableViewCell.swift */ = {isa = PBXFileReference; fileEncoding = 4; lastKnownFileType = sourcecode.swift; path = ServiceTableViewCell.swift; sourceTree = "<group>"; };
		15CA229A1D2CAF6A00CB35E2 /* CreditWebViewController.swift */ = {isa = PBXFileReference; fileEncoding = 4; lastKnownFileType = sourcecode.swift; path = CreditWebViewController.swift; sourceTree = "<group>"; };
/* End PBXFileReference section */

/* Begin PBXFrameworksBuildPhase section */
		15CA225B1D2C93FC00CB35E2 /* Frameworks */ = {
			isa = PBXFrameworksBuildPhase;
			buildActionMask = 2147483647;
			files = (
			);
			runOnlyForDeploymentPostprocessing = 0;
		};
		15CA226F1D2C93FC00CB35E2 /* Frameworks */ = {
			isa = PBXFrameworksBuildPhase;
			buildActionMask = 2147483647;
			files = (
			);
			runOnlyForDeploymentPostprocessing = 0;
		};
		15CA227A1D2C93FC00CB35E2 /* Frameworks */ = {
			isa = PBXFrameworksBuildPhase;
			buildActionMask = 2147483647;
			files = (
			);
			runOnlyForDeploymentPostprocessing = 0;
		};
/* End PBXFrameworksBuildPhase section */

/* Begin PBXGroup section */
		15CA22551D2C93FC00CB35E2 = {
			isa = PBXGroup;
			children = (
				15CA22601D2C93FC00CB35E2 /* credit */,
				15CA22751D2C93FC00CB35E2 /* creditTests */,
				15CA22801D2C93FC00CB35E2 /* creditUITests */,
				15CA225F1D2C93FC00CB35E2 /* Products */,
			);
			sourceTree = "<group>";
		};
		15CA225F1D2C93FC00CB35E2 /* Products */ = {
			isa = PBXGroup;
			children = (
				15CA225E1D2C93FC00CB35E2 /* credit.app */,
				15CA22721D2C93FC00CB35E2 /* creditTests.xctest */,
				15CA227D1D2C93FC00CB35E2 /* creditUITests.xctest */,
			);
			name = Products;
			sourceTree = "<group>";
		};
		15CA22601D2C93FC00CB35E2 /* credit */ = {
			isa = PBXGroup;
			children = (
				15CA22611D2C93FC00CB35E2 /* AppDelegate.swift */,
				15CA22631D2C93FC00CB35E2 /* ViewController.swift */,
				15CA22651D2C93FC00CB35E2 /* Main.storyboard */,
				15CA22921D2CA3D800CB35E2 /* credit.storyboard */,
				15CA228F1D2CA3A300CB35E2 /* service.storyboard */,
				15CA22681D2C93FC00CB35E2 /* Assets.xcassets */,
				15CA226A1D2C93FC00CB35E2 /* LaunchScreen.storyboard */,
				15CA226D1D2C93FC00CB35E2 /* Info.plist */,
				15CA22951D2CA4C300CB35E2 /* ServiceTableViewController.swift */,
				15CA22981D2CAB7E00CB35E2 /* ServiceTableViewCell.swift */,
				15CA229A1D2CAF6A00CB35E2 /* CreditWebViewController.swift */,
			);
			path = credit;
			sourceTree = "<group>";
		};
		15CA22751D2C93FC00CB35E2 /* creditTests */ = {
			isa = PBXGroup;
			children = (
				15CA22761D2C93FC00CB35E2 /* creditTests.swift */,
				15CA22781D2C93FC00CB35E2 /* Info.plist */,
			);
			path = creditTests;
			sourceTree = "<group>";
		};
		15CA22801D2C93FC00CB35E2 /* creditUITests */ = {
			isa = PBXGroup;
			children = (
				15CA22811D2C93FC00CB35E2 /* creditUITests.swift */,
				15CA22831D2C93FC00CB35E2 /* Info.plist */,
			);
			path = creditUITests;
			sourceTree = "<group>";
		};
/* End PBXGroup section */

/* Begin PBXNativeTarget section */
		15CA225D1D2C93FC00CB35E2 /* credit */ = {
			isa = PBXNativeTarget;
			buildConfigurationList = 15CA22861D2C93FC00CB35E2 /* Build configuration list for PBXNativeTarget "credit" */;
			buildPhases = (
				15CA225A1D2C93FC00CB35E2 /* Sources */,
				15CA225B1D2C93FC00CB35E2 /* Frameworks */,
				15CA225C1D2C93FC00CB35E2 /* Resources */,
			);
			buildRules = (
			);
			dependencies = (
			);
			name = credit;
			productName = credit;
			productReference = 15CA225E1D2C93FC00CB35E2 /* credit.app */;
			productType = "com.apple.product-type.application";
		};
		15CA22711D2C93FC00CB35E2 /* creditTests */ = {
			isa = PBXNativeTarget;
			buildConfigurationList = 15CA22891D2C93FC00CB35E2 /* Build configuration list for PBXNativeTarget "creditTests" */;
			buildPhases = (
				15CA226E1D2C93FC00CB35E2 /* Sources */,
				15CA226F1D2C93FC00CB35E2 /* Frameworks */,
				15CA22701D2C93FC00CB35E2 /* Resources */,
			);
			buildRules = (
			);
			dependencies = (
				15CA22741D2C93FC00CB35E2 /* PBXTargetDependency */,
			);
			name = creditTests;
			productName = creditTests;
			productReference = 15CA22721D2C93FC00CB35E2 /* creditTests.xctest */;
			productType = "com.apple.product-type.bundle.unit-test";
		};
		15CA227C1D2C93FC00CB35E2 /* creditUITests */ = {
			isa = PBXNativeTarget;
			buildConfigurationList = 15CA228C1D2C93FC00CB35E2 /* Build configuration list for PBXNativeTarget "creditUITests" */;
			buildPhases = (
				15CA22791D2C93FC00CB35E2 /* Sources */,
				15CA227A1D2C93FC00CB35E2 /* Frameworks */,
				15CA227B1D2C93FC00CB35E2 /* Resources */,
			);
			buildRules = (
			);
			dependencies = (
				15CA227F1D2C93FC00CB35E2 /* PBXTargetDependency */,
			);
			name = creditUITests;
			productName = creditUITests;
			productReference = 15CA227D1D2C93FC00CB35E2 /* creditUITests.xctest */;
			productType = "com.apple.product-type.bundle.ui-testing";
		};
/* End PBXNativeTarget section */

/* Begin PBXProject section */
		15CA22561D2C93FC00CB35E2 /* Project object */ = {
			isa = PBXProject;
			attributes = {
				LastSwiftUpdateCheck = 0720;
				LastUpgradeCheck = 0720;
				ORGANIZATIONNAME = zcxy;
				TargetAttributes = {
					15CA225D1D2C93FC00CB35E2 = {
						CreatedOnToolsVersion = 7.2.1;
						DevelopmentTeam = FQMV67NMJN;
					};
					15CA22711D2C93FC00CB35E2 = {
						CreatedOnToolsVersion = 7.2.1;
						DevelopmentTeam = FQMV67NMJN;
						TestTargetID = 15CA225D1D2C93FC00CB35E2;
					};
					15CA227C1D2C93FC00CB35E2 = {
						CreatedOnToolsVersion = 7.2.1;
						DevelopmentTeam = FQMV67NMJN;
						TestTargetID = 15CA225D1D2C93FC00CB35E2;
					};
				};
			};
			buildConfigurationList = 15CA22591D2C93FC00CB35E2 /* Build configuration list for PBXProject "credit" */;
			compatibilityVersion = "Xcode 3.2";
			developmentRegion = English;
			hasScannedForEncodings = 0;
			knownRegions = (
				en,
				Base,
			);
			mainGroup = 15CA22551D2C93FC00CB35E2;
			productRefGroup = 15CA225F1D2C93FC00CB35E2 /* Products */;
			projectDirPath = "";
			projectRoot = "";
			targets = (
				15CA225D1D2C93FC00CB35E2 /* credit */,
				15CA22711D2C93FC00CB35E2 /* creditTests */,
				15CA227C1D2C93FC00CB35E2 /* creditUITests */,
			);
		};
/* End PBXProject section */

/* Begin PBXResourcesBuildPhase section */
		15CA225C1D2C93FC00CB35E2 /* Resources */ = {
			isa = PBXResourcesBuildPhase;
			buildActionMask = 2147483647;
			files = (
				15CA22941D2CA3D800CB35E2 /* credit.storyboard in Resources */,
				15CA226C1D2C93FC00CB35E2 /* LaunchScreen.storyboard in Resources */,
				15CA22691D2C93FC00CB35E2 /* Assets.xcassets in Resources */,
				15CA22911D2CA3A300CB35E2 /* service.storyboard in Resources */,
				15CA22671D2C93FC00CB35E2 /* Main.storyboard in Resources */,
			);
			runOnlyForDeploymentPostprocessing = 0;
		};
		15CA22701D2C93FC00CB35E2 /* Resources */ = {
			isa = PBXResourcesBuildPhase;
			buildActionMask = 2147483647;
			files = (
			);
			runOnlyForDeploymentPostprocessing = 0;
		};
		15CA227B1D2C93FC00CB35E2 /* Resources */ = {
			isa = PBXResourcesBuildPhase;
			buildActionMask = 2147483647;
			files = (
			);
			runOnlyForDeploymentPostprocessing = 0;
		};
/* End PBXResourcesBuildPhase section */

/* Begin PBXSourcesBuildPhase section */
		15CA225A1D2C93FC00CB35E2 /* Sources */ = {
			isa = PBXSourcesBuildPhase;
			buildActionMask = 2147483647;
			files = (
				15CA22961D2CA4C300CB35E2 /* ServiceTableViewController.swift in Sources */,
				15CA22991D2CAB7E00CB35E2 /* ServiceTableViewCell.swift in Sources */,
				15CA22641D2C93FC00CB35E2 /* ViewController.swift in Sources */,
				15CA22621D2C93FC00CB35E2 /* AppDelegate.swift in Sources */,
				15CA229B1D2CAF6A00CB35E2 /* CreditWebViewController.swift in Sources */,
			);
			runOnlyForDeploymentPostprocessing = 0;
		};
		15CA226E1D2C93FC00CB35E2 /* Sources */ = {
			isa = PBXSourcesBuildPhase;
			buildActionMask = 2147483647;
			files = (
				15CA22771D2C93FC00CB35E2 /* creditTests.swift in Sources */,
			);
			runOnlyForDeploymentPostprocessing = 0;
		};
		15CA22791D2C93FC00CB35E2 /* Sources */ = {
			isa = PBXSourcesBuildPhase;
			buildActionMask = 2147483647;
			files = (
				15CA22821D2C93FC00CB35E2 /* creditUITests.swift in Sources */,
			);
			runOnlyForDeploymentPostprocessing = 0;
		};
/* End PBXSourcesBuildPhase section */

/* Begin PBXTargetDependency section */
		15CA22741D2C93FC00CB35E2 /* PBXTargetDependency */ = {
			isa = PBXTargetDependency;
			target = 15CA225D1D2C93FC00CB35E2 /* credit */;
			targetProxy = 15CA22731D2C93FC00CB35E2 /* PBXContainerItemProxy */;
		};
		15CA227F1D2C93FC00CB35E2 /* PBXTargetDependency */ = {
			isa = PBXTargetDependency;
			target = 15CA225D1D2C93FC00CB35E2 /* credit */;
			targetProxy = 15CA227E1D2C93FC00CB35E2 /* PBXContainerItemProxy */;
		};
/* End PBXTargetDependency section */

/* Begin PBXVariantGroup section */
		15CA22651D2C93FC00CB35E2 /* Main.storyboard */ = {
			isa = PBXVariantGroup;
			children = (
				15CA22661D2C93FC00CB35E2 /* Base */,
			);
			name = Main.storyboard;
			sourceTree = "<group>";
		};
		15CA226A1D2C93FC00CB35E2 /* LaunchScreen.storyboard */ = {
			isa = PBXVariantGroup;
			children = (
				15CA226B1D2C93FC00CB35E2 /* Base */,
			);
			name = LaunchScreen.storyboard;
			sourceTree = "<group>";
		};
		15CA228F1D2CA3A300CB35E2 /* service.storyboard */ = {
			isa = PBXVariantGroup;
			children = (
				15CA22901D2CA3A300CB35E2 /* Base */,
			);
			name = service.storyboard;
			sourceTree = "<group>";
		};
		15CA22921D2CA3D800CB35E2 /* credit.storyboard */ = {
			isa = PBXVariantGroup;
			children = (
				15CA22931D2CA3D800CB35E2 /* Base */,
			);
			name = credit.storyboard;
			sourceTree = "<group>";
		};
/* End PBXVariantGroup section */

/* Begin XCBuildConfiguration section */
		15CA22841D2C93FC00CB35E2 /* Debug */ = {
			isa = XCBuildConfiguration;
			buildSettings = {
				ALWAYS_SEARCH_USER_PATHS = NO;
				CLANG_CXX_LANGUAGE_STANDARD = "gnu++0x";
				CLANG_CXX_LIBRARY = "libc++";
				CLANG_ENABLE_MODULES = YES;
				CLANG_ENABLE_OBJC_ARC = YES;
				CLANG_WARN_BOOL_CONVERSION = YES;
				CLANG_WARN_CONSTANT_CONVERSION = YES;
				CLANG_WARN_DIRECT_OBJC_ISA_USAGE = YES_ERROR;
				CLANG_WARN_EMPTY_BODY = YES;
				CLANG_WARN_ENUM_CONVERSION = YES;
				CLANG_WARN_INT_CONVERSION = YES;
				CLANG_WARN_OBJC_ROOT_CLASS = YES_ERROR;
				CLANG_WARN_UNREACHABLE_CODE = YES;
				CLANG_WARN__DUPLICATE_METHOD_MATCH = YES;
				"CODE_SIGN_IDENTITY[sdk=iphoneos*]" = "iPhone Developer";
				COPY_PHASE_STRIP = NO;
				DEBUG_INFORMATION_FORMAT = dwarf;
				ENABLE_STRICT_OBJC_MSGSEND = YES;
				ENABLE_TESTABILITY = YES;
				GCC_C_LANGUAGE_STANDARD = gnu99;
				GCC_DYNAMIC_NO_PIC = NO;
				GCC_NO_COMMON_BLOCKS = YES;
				GCC_OPTIMIZATION_LEVEL = 0;
				GCC_PREPROCESSOR_DEFINITIONS = (
					"DEBUG=1",
					"$(inherited)",
				);
				GCC_WARN_64_TO_32_BIT_CONVERSION = YES;
				GCC_WARN_ABOUT_RETURN_TYPE = YES_ERROR;
				GCC_WARN_UNDECLARED_SELECTOR = YES;
				GCC_WARN_UNINITIALIZED_AUTOS = YES_AGGRESSIVE;
				GCC_WARN_UNUSED_FUNCTION = YES;
				GCC_WARN_UNUSED_VARIABLE = YES;
				IPHONEOS_DEPLOYMENT_TARGET = 9.2;
				MTL_ENABLE_DEBUG_INFO = YES;
				ONLY_ACTIVE_ARCH = YES;
				SDKROOT = iphoneos;
				SWIFT_OPTIMIZATION_LEVEL = "-Onone";
				TARGETED_DEVICE_FAMILY = "1,2";
			};
			name = Debug;
		};
		15CA22851D2C93FC00CB35E2 /* Release */ = {
			isa = XCBuildConfiguration;
			buildSettings = {
				ALWAYS_SEARCH_USER_PATHS = NO;
				CLANG_CXX_LANGUAGE_STANDARD = "gnu++0x";
				CLANG_CXX_LIBRARY = "libc++";
				CLANG_ENABLE_MODULES = YES;
				CLANG_ENABLE_OBJC_ARC = YES;
				CLANG_WARN_BOOL_CONVERSION = YES;
				CLANG_WARN_CONSTANT_CONVERSION = YES;
				CLANG_WARN_DIRECT_OBJC_ISA_USAGE = YES_ERROR;
				CLANG_WARN_EMPTY_BODY = YES;
				CLANG_WARN_ENUM_CONVERSION = YES;
				CLANG_WARN_INT_CONVERSION = YES;
				CLANG_WARN_OBJC_ROOT_CLASS = YES_ERROR;
				CLANG_WARN_UNREACHABLE_CODE = YES;
				CLANG_WARN__DUPLICATE_METHOD_MATCH = YES;
				"CODE_SIGN_IDENTITY[sdk=iphoneos*]" = "iPhone Developer";
				COPY_PHASE_STRIP = NO;
				DEBUG_INFORMATION_FORMAT = "dwarf-with-dsym";
				ENABLE_NS_ASSERTIONS = NO;
				ENABLE_STRICT_OBJC_MSGSEND = YES;
				GCC_C_LANGUAGE_STANDARD = gnu99;
				GCC_NO_COMMON_BLOCKS = YES;
				GCC_WARN_64_TO_32_BIT_CONVERSION = YES;
				GCC_WARN_ABOUT_RETURN_TYPE = YES_ERROR;
				GCC_WARN_UNDECLARED_SELECTOR = YES;
				GCC_WARN_UNINITIALIZED_AUTOS = YES_AGGRESSIVE;
				GCC_WARN_UNUSED_FUNCTION = YES;
				GCC_WARN_UNUSED_VARIABLE = YES;
				IPHONEOS_DEPLOYMENT_TARGET = 9.2;
				MTL_ENABLE_DEBUG_INFO = NO;
				SDKROOT = iphoneos;
				TARGETED_DEVICE_FAMILY = "1,2";
				VALIDATE_PRODUCT = YES;
			};
			name = Release;
		};
		15CA22871D2C93FC00CB35E2 /* Debug */ = {
			isa = XCBuildConfiguration;
			buildSettings = {
				ASSETCATALOG_COMPILER_APPICON_NAME = AppIcon;
				INFOPLIST_FILE = credit/Info.plist;
				LD_RUNPATH_SEARCH_PATHS = "$(inherited) @executable_path/Frameworks";
				PRODUCT_BUNDLE_IDENTIFIER = com.zcxy.credit;
				PRODUCT_NAME = "$(TARGET_NAME)";
			};
			name = Debug;
		};
		15CA22881D2C93FC00CB35E2 /* Release */ = {
			isa = XCBuildConfiguration;
			buildSettings = {
				ASSETCATALOG_COMPILER_APPICON_NAME = AppIcon;
				INFOPLIST_FILE = credit/Info.plist;
				LD_RUNPATH_SEARCH_PATHS = "$(inherited) @executable_path/Frameworks";
				PRODUCT_BUNDLE_IDENTIFIER = com.zcxy.credit;
				PRODUCT_NAME = "$(TARGET_NAME)";
			};
			name = Release;
		};
		15CA228A1D2C93FC00CB35E2 /* Debug */ = {
			isa = XCBuildConfiguration;
			buildSettings = {
				BUNDLE_LOADER = "$(TEST_HOST)";
				INFOPLIST_FILE = creditTests/Info.plist;
				LD_RUNPATH_SEARCH_PATHS = "$(inherited) @executable_path/Frameworks @loader_path/Frameworks";
				PRODUCT_BUNDLE_IDENTIFIER = com.zcxy.creditTests;
				PRODUCT_NAME = "$(TARGET_NAME)";
				TEST_HOST = "$(BUILT_PRODUCTS_DIR)/credit.app/credit";
			};
			name = Debug;
		};
		15CA228B1D2C93FC00CB35E2 /* Release */ = {
			isa = XCBuildConfiguration;
			buildSettings = {
				BUNDLE_LOADER = "$(TEST_HOST)";
				INFOPLIST_FILE = creditTests/Info.plist;
				LD_RUNPATH_SEARCH_PATHS = "$(inherited) @executable_path/Frameworks @loader_path/Frameworks";
				PRODUCT_BUNDLE_IDENTIFIER = com.zcxy.creditTests;
				PRODUCT_NAME = "$(TARGET_NAME)";
				TEST_HOST = "$(BUILT_PRODUCTS_DIR)/credit.app/credit";
			};
			name = Release;
		};
		15CA228D1D2C93FC00CB35E2 /* Debug */ = {
			isa = XCBuildConfiguration;
			buildSettings = {
				INFOPLIST_FILE = creditUITests/Info.plist;
				LD_RUNPATH_SEARCH_PATHS = "$(inherited) @executable_path/Frameworks @loader_path/Frameworks";
				PRODUCT_BUNDLE_IDENTIFIER = com.zcxy.creditUITests;
				PRODUCT_NAME = "$(TARGET_NAME)";
				TEST_TARGET_NAME = credit;
				USES_XCTRUNNER = YES;
			};
			name = Debug;
		};
		15CA228E1D2C93FC00CB35E2 /* Release */ = {
			isa = XCBuildConfiguration;
			buildSettings = {
				INFOPLIST_FILE = creditUITests/Info.plist;
				LD_RUNPATH_SEARCH_PATHS = "$(inherited) @executable_path/Frameworks @loader_path/Frameworks";
				PRODUCT_BUNDLE_IDENTIFIER = com.zcxy.creditUITests;
				PRODUCT_NAME = "$(TARGET_NAME)";
				TEST_TARGET_NAME = credit;
				USES_XCTRUNNER = YES;
			};
			name = Release;
		};
/* End XCBuildConfiguration section */

/* Begin XCConfigurationList section */
		15CA22591D2C93FC00CB35E2 /* Build configuration list for PBXProject "credit" */ = {
			isa = XCConfigurationList;
			buildConfigurations = (
				15CA22841D2C93FC00CB35E2 /* Debug */,
				15CA22851D2C93FC00CB35E2 /* Release */,
			);
			defaultConfigurationIsVisible = 0;
			defaultConfigurationName = Release;
		};
		15CA22861D2C93FC00CB35E2 /* Build configuration list for PBXNativeTarget "credit" */ = {
			isa = XCConfigurationList;
			buildConfigurations = (
				15CA22871D2C93FC00CB35E2 /* Debug */,
				15CA22881D2C93FC00CB35E2 /* Release */,
			);
			defaultConfigurationIsVisible = 0;
			defaultConfigurationName = Release;
		};
		15CA22891D2C93FC00CB35E2 /* Build configuration list for PBXNativeTarget "creditTests" */ = {
			isa = XCConfigurationList;
			buildConfigurations = (
				15CA228A1D2C93FC00CB35E2 /* Debug */,
				15CA228B1D2C93FC00CB35E2 /* Release */,
			);
			defaultConfigurationIsVisible = 0;
			defaultConfigurationName = Release;
		};
		15CA228C1D2C93FC00CB35E2 /* Build configuration list for PBXNativeTarget "creditUITests" */ = {
			isa = XCConfigurationList;
			buildConfigurations = (
				15CA228D1D2C93FC00CB35E2 /* Debug */,
				15CA228E1D2C93FC00CB35E2 /* Release */,
			);
			defaultConfigurationIsVisible = 0;
			defaultConfigurationName = Release;
		};
/* End XCConfigurationList section */
	};
	rootObject = 15CA22561D2C93FC00CB35E2 /* Project object */;
}
